{
  "name": "carousel",
  "version": "1.0.0",
  "lockfileVersion": 3,
  "requires": true,
  "packages": {
    "": {
      "name": "carousel",
      "version": "1.0.0",
      "dependencies": {
        "bootstrap": "*",
        "bootstrap-icons": "*",
        "react": "*",
        "react-dom": "*"
      },
      "devDependencies": {
        "@testing-library/jest-dom": "*",
        "@testing-library/react": "*",
        "@tsconfig/vite-react": "*",
        "@types/bootstrap": "*",
        "@types/jsdom": "*",
        "@types/react": "*",
        "@types/react-dom": "*",
        "@vitejs/plugin-react": "*",
        "@vitest/coverage-v8": "*",
        "jsdom": "*",
        "vite": "*",
        "vitest": "*"
      }
    },
    "node_modules/@testing-library/jest-dom": {
      "dev": true
    },
    "node_modules/@testing-library/react": {
      "dev": true
    },
    "node_modules/@tsconfig/vite-react": {
      "dev": true
    },
    "node_modules/@types/bootstrap": {
      "dev": true
    },
    "node_modules/@types/jsdom": {
      "dev": true
    },
    "node_modules/@types/react": {
      "dev": true
    },
    "node_modules/@types/react-dom": {
      "dev": true
    },
    "node_modules/@vitejs/plugin-react": {
      "dev": true
    },
    "node_modules/@vitest/coverage-v8": {
      "dev": true
    },
    "node_modules/bootstrap": {},
    "node_modules/bootstrap-icons": {},
    "node_modules/jsdom": {
      "dev": true
    },
    "node_modules/react": {},
    "node_modules/react-dom": {},
    "node_modules/vite": {
      "dev": true
    },
    "node_modules/vitest": {
      "dev": true
    }
  }
}
